
Microsoft Visual Studio Solution File, Format Version 12.00
Project("{2150E333-8FDC-42A3-9474-1A3956D46DE8}") = "src", "src", "{66E06C91-748B-4927-ACFB-3E6BAD7E6971}"
EndProject
Project("{2150E333-8FDC-42A3-9474-1A3956D46DE8}") = "tests", "tests", "{6427F268-929B-4AC1-B8E0-0504DF82737A}"
EndProject
Project("{FAE04EC0-301F-11D3-BF4B-00C04F79EFBC}") = "Application", "src\Application\Application.csproj", "{8AB15426-3842-4684-B53B-7144253AB6ED}"
EndProject
Project("{FAE04EC0-301F-11D3-BF4B-00C04F79EFBC}") = "UnitTests", "tests\UnitTests\UnitTests.csproj", "{6A224ADF-9164-4C93-BA9F-6766733E89C2}"
EndProject
Global
	GlobalSection(SolutionConfigurationPlatforms) = preSolution
		Debug|Any CPU = Debug|Any CPU
		Release|Any CPU = Release|Any CPU
	EndGlobalSection
	GlobalSection(NestedProjects) = preSolution
		{8AB15426-3842-4684-B53B-7144253AB6ED} = {66E06C91-748B-4927-ACFB-3E6BAD7E6971}
		{6A224ADF-9164-4C93-BA9F-6766733E89C2} = {6427F268-929B-4AC1-B8E0-0504DF82737A}
	EndGlobalSection
	GlobalSection(ProjectConfigurationPlatforms) = postSolution
		{8AB15426-3842-4684-B53B-7144253AB6ED}.Debug|Any CPU.ActiveCfg = Debug|Any CPU
		{8AB15426-3842-4684-B53B-7144253AB6ED}.Debug|Any CPU.Build.0 = Debug|Any CPU
		{8AB15426-3842-4684-B53B-7144253AB6ED}.Release|Any CPU.ActiveCfg = Release|Any CPU
		{8AB15426-3842-4684-B53B-7144253AB6ED}.Release|Any CPU.Build.0 = Release|Any CPU
		{6A224ADF-9164-4C93-BA9F-6766733E89C2}.Debug|Any CPU.ActiveCfg = Debug|Any CPU
		{6A224ADF-9164-4C93-BA9F-6766733E89C2}.Debug|Any CPU.Build.0 = Debug|Any CPU
		{6A224ADF-9164-4C93-BA9F-6766733E89C2}.Release|Any CPU.ActiveCfg = Release|Any CPU
		{6A224ADF-9164-4C93-BA9F-6766733E89C2}.Release|Any CPU.Build.0 = Release|Any CPU
	EndGlobalSection
EndGlobal
